
Microsoft Visual Studio Solution File, Format Version 12.00
# Visual Studio 15
VisualStudioVersion = 15.0.28307.852
MinimumVisualStudioVersion = 10.0.40219.1
Project("{FAE04EC0-301F-11D3-BF4B-00C04F79EFBC}") = "LightPatternSimulator", "LightPatternSimulator\LightPatternSimulator.csproj", "{B793DCE7-F522-4FBE-A647-7740B874A8B5}"
EndProject
Global
	GlobalSection(SolutionConfigurationPlatforms) = preSolution
		Debug|Any CPU = Debug|Any CPU
		Release|Any CPU = Release|Any CPU
	EndGlobalSection
	GlobalSection(ProjectConfigurationPlatforms) = postSolution
		{B793DCE7-F522-4FBE-A647-7740B874A8B5}.Debug|Any CPU.ActiveCfg = Debug|Any CPU
		{B793DCE7-F522-4FBE-A647-7740B874A8B5}.Debug|Any CPU.Build.0 = Debug|Any CPU
		{B793DCE7-F522-4FBE-A647-7740B874A8B5}.Release|Any CPU.ActiveCfg = Release|Any CPU
		{B793DCE7-F522-4FBE-A647-7740B874A8B5}.Release|Any CPU.Build.0 = Release|Any CPU
	EndGlobalSection
	GlobalSection(SolutionProperties) = preSolution
		HideSolutionNode = FALSE
	EndGlobalSection
	GlobalSection(ExtensibilityGlobals) = postSolution
		SolutionGuid = {69BDD43E-531A-4333-AABE-944B887DBDD5}
	EndGlobalSection
EndGlobal
